
Microsoft Visual Studio Solution File, Format Version 12.00
# Visual Studio Version 17
VisualStudioVersion = 17.2.32526.322
MinimumVisualStudioVersion = 10.0.40219.1
Project("{FAE04EC0-301F-11D3-BF4B-00C04F79EFBC}") = "genshinData", "genshinData\genshinData.csproj", "{A9064486-0A42-4C37-B5B5-54105604DDA3}"
EndProject
Global
	GlobalSection(SolutionConfigurationPlatforms) = preSolution
		Debug|Any CPU = Debug|Any CPU
		Release|Any CPU = Release|Any CPU
	EndGlobalSection
	GlobalSection(ProjectConfigurationPlatforms) = postSolution
		{A9064486-0A42-4C37-B5B5-54105604DDA3}.Debug|Any CPU.ActiveCfg = Debug|Any CPU
		{A9064486-0A42-4C37-B5B5-54105604DDA3}.Debug|Any CPU.Build.0 = Debug|Any CPU
		{A9064486-0A42-4C37-B5B5-54105604DDA3}.Release|Any CPU.ActiveCfg = Release|Any CPU
		{A9064486-0A42-4C37-B5B5-54105604DDA3}.Release|Any CPU.Build.0 = Release|Any CPU
	EndGlobalSection
	GlobalSection(SolutionProperties) = preSolution
		HideSolutionNode = FALSE
	EndGlobalSection
	GlobalSection(ExtensibilityGlobals) = postSolution
		SolutionGuid = {038DB42F-8B0E-41CC-A353-000CEDEF0B2E}
	EndGlobalSection
EndGlobal
